
Microsoft Visual Studio Solution File, Format Version 12.00
# Visual Studio Version 17
VisualStudioVersion = 17.13.35931.197 d17.13
MinimumVisualStudioVersion = 10.0.40219.1
Project("{FAE04EC0-301F-11D3-BF4B-00C04F79EFBC}") = "Data", "Data\Data.csproj", "{275632CF-0A3B-41C3-A00E-74ADC12B139B}"
EndProject
Project("{FAE04EC0-301F-11D3-BF4B-00C04F79EFBC}") = "Business", "Business\Business.csproj", "{E79FBF70-0384-47CD-B59B-101159571225}"
EndProject
Project("{FAE04EC0-301F-11D3-BF4B-00C04F79EFBC}") = "ConsoleApp", "ConsoleApp\ConsoleApp.csproj", "{DF9B5CF5-7CAB-40E4-BD71-7B1F571927FD}"
EndProject
Global
	GlobalSection(SolutionConfigurationPlatforms) = preSolution
		Debug|Any CPU = Debug|Any CPU
		Release|Any CPU = Release|Any CPU
	EndGlobalSection
	GlobalSection(ProjectConfigurationPlatforms) = postSolution
		{275632CF-0A3B-41C3-A00E-74ADC12B139B}.Debug|Any CPU.ActiveCfg = Debug|Any CPU
		{275632CF-0A3B-41C3-A00E-74ADC12B139B}.Debug|Any CPU.Build.0 = Debug|Any CPU
		{275632CF-0A3B-41C3-A00E-74ADC12B139B}.Release|Any CPU.ActiveCfg = Release|Any CPU
		{275632CF-0A3B-41C3-A00E-74ADC12B139B}.Release|Any CPU.Build.0 = Release|Any CPU
		{E79FBF70-0384-47CD-B59B-101159571225}.Debug|Any CPU.ActiveCfg = Debug|Any CPU
		{E79FBF70-0384-47CD-B59B-101159571225}.Debug|Any CPU.Build.0 = Debug|Any CPU
		{E79FBF70-0384-47CD-B59B-101159571225}.Release|Any CPU.ActiveCfg = Release|Any CPU
		{E79FBF70-0384-47CD-B59B-101159571225}.Release|Any CPU.Build.0 = Release|Any CPU
		{DF9B5CF5-7CAB-40E4-BD71-7B1F571927FD}.Debug|Any CPU.ActiveCfg = Debug|Any CPU
		{DF9B5CF5-7CAB-40E4-BD71-7B1F571927FD}.Debug|Any CPU.Build.0 = Debug|Any CPU
		{DF9B5CF5-7CAB-40E4-BD71-7B1F571927FD}.Release|Any CPU.ActiveCfg = Release|Any CPU
		{DF9B5CF5-7CAB-40E4-BD71-7B1F571927FD}.Release|Any CPU.Build.0 = Release|Any CPU
	EndGlobalSection
	GlobalSection(SolutionProperties) = preSolution
		HideSolutionNode = FALSE
	EndGlobalSection
	GlobalSection(ExtensibilityGlobals) = postSolution
		SolutionGuid = {78F686A6-6920-4A79-AB09-61F7B5998FAE}
	EndGlobalSection
EndGlobal
